
Microsoft Visual Studio Solution File, Format Version 12.00
# Visual Studio Version 17
VisualStudioVersion = 17.9.34622.214
MinimumVisualStudioVersion = 10.0.40219.1
Project("{9A19103F-16F7-4668-BE54-9A1E7A4F7556}") = "susi-gui-windows", "susi-gui-windows\susi-gui-windows.csproj", "{C11137C5-E91D-485B-A9F5-1783F6668CA9}"
	ProjectSection(ProjectDependencies) = postProject
		{F495F20B-4808-41A4-9E6F-31C66B514538} = {F495F20B-4808-41A4-9E6F-31C66B514538}
	EndProjectSection
EndProject
Project("{8BC9CEB8-8B4A-11D0-8D11-00A0C91BC942}") = "ShellExtension", "susi-gui-windows\ShellExtension\ShellExtension.vcxproj", "{F495F20B-4808-41A4-9E6F-31C66B514538}"
EndProject
Project("{2150E333-8FDC-42A3-9474-1A3956D46DE8}") = "Solution Items", "Solution Items", "{994EB8B5-6CEF-41B3-8300-2466621C2050}"
	ProjectSection(SolutionItems) = preProject
		.gitignore = .gitignore
		THIRD-PARTY-LICENSES.txt = THIRD-PARTY-LICENSES.txt
	EndProjectSection
EndProject
Project("{B7DD6F7E-DEF8-4E67-B5B7-07EF123DB6F0}") = "installer", "installer\installer.wixproj", "{0E4B455B-5C43-469B-9D52-2E477434CB03}"
EndProject
Project("{2150E333-8FDC-42A3-9474-1A3956D46DE8}") = "scripts", "scripts", "{EDF9D2D9-0C15-4D95-AAB9-191356ECFA29}"
	ProjectSection(SolutionItems) = preProject
		scripts\update-version-strings.ps1 = scripts\update-version-strings.ps1
	EndProjectSection
EndProject
Global
	GlobalSection(SolutionConfigurationPlatforms) = preSolution
		Debug|ARM64 = Debug|ARM64
		Debug|x64 = Debug|x64
		Debug|x86 = Debug|x86
		Release|ARM64 = Release|ARM64
		Release|x64 = Release|x64
		Release|x86 = Release|x86
	EndGlobalSection
	GlobalSection(ProjectConfigurationPlatforms) = postSolution
		{C11137C5-E91D-485B-A9F5-1783F6668CA9}.Debug|ARM64.ActiveCfg = Debug|x64
		{C11137C5-E91D-485B-A9F5-1783F6668CA9}.Debug|ARM64.Build.0 = Debug|x64
		{C11137C5-E91D-485B-A9F5-1783F6668CA9}.Debug|x64.ActiveCfg = Debug|x64
		{C11137C5-E91D-485B-A9F5-1783F6668CA9}.Debug|x64.Build.0 = Debug|x64
		{C11137C5-E91D-485B-A9F5-1783F6668CA9}.Debug|x64.Deploy.0 = Debug|x64
		{C11137C5-E91D-485B-A9F5-1783F6668CA9}.Debug|x86.ActiveCfg = Debug|x64
		{C11137C5-E91D-485B-A9F5-1783F6668CA9}.Debug|x86.Build.0 = Debug|x64
		{C11137C5-E91D-485B-A9F5-1783F6668CA9}.Release|ARM64.ActiveCfg = Release|x64
		{C11137C5-E91D-485B-A9F5-1783F6668CA9}.Release|ARM64.Build.0 = Release|x64
		{C11137C5-E91D-485B-A9F5-1783F6668CA9}.Release|x64.ActiveCfg = Release|x64
		{C11137C5-E91D-485B-A9F5-1783F6668CA9}.Release|x64.Build.0 = Release|x64
		{C11137C5-E91D-485B-A9F5-1783F6668CA9}.Release|x64.Deploy.0 = Release|x64
		{C11137C5-E91D-485B-A9F5-1783F6668CA9}.Release|x86.ActiveCfg = Release|x64
		{C11137C5-E91D-485B-A9F5-1783F6668CA9}.Release|x86.Build.0 = Release|x64
		{F495F20B-4808-41A4-9E6F-31C66B514538}.Debug|ARM64.ActiveCfg = Debug|x64
		{F495F20B-4808-41A4-9E6F-31C66B514538}.Debug|ARM64.Build.0 = Debug|x64
		{F495F20B-4808-41A4-9E6F-31C66B514538}.Debug|x64.ActiveCfg = Debug|x64
		{F495F20B-4808-41A4-9E6F-31C66B514538}.Debug|x64.Build.0 = Debug|x64
		{F495F20B-4808-41A4-9E6F-31C66B514538}.Debug|x86.ActiveCfg = Debug|x64
		{F495F20B-4808-41A4-9E6F-31C66B514538}.Debug|x86.Build.0 = Debug|x64
		{F495F20B-4808-41A4-9E6F-31C66B514538}.Release|ARM64.ActiveCfg = Release|x64
		{F495F20B-4808-41A4-9E6F-31C66B514538}.Release|ARM64.Build.0 = Release|x64
		{F495F20B-4808-41A4-9E6F-31C66B514538}.Release|x64.ActiveCfg = Release|x64
		{F495F20B-4808-41A4-9E6F-31C66B514538}.Release|x64.Build.0 = Release|x64
		{F495F20B-4808-41A4-9E6F-31C66B514538}.Release|x86.ActiveCfg = Release|x64
		{F495F20B-4808-41A4-9E6F-31C66B514538}.Release|x86.Build.0 = Release|x64
		{0E4B455B-5C43-469B-9D52-2E477434CB03}.Debug|ARM64.ActiveCfg = Debug|ARM64
		{0E4B455B-5C43-469B-9D52-2E477434CB03}.Debug|ARM64.Build.0 = Debug|ARM64
		{0E4B455B-5C43-469B-9D52-2E477434CB03}.Debug|x64.ActiveCfg = Debug|x64
		{0E4B455B-5C43-469B-9D52-2E477434CB03}.Debug|x64.Build.0 = Debug|x64
		{0E4B455B-5C43-469B-9D52-2E477434CB03}.Debug|x86.ActiveCfg = Debug|x86
		{0E4B455B-5C43-469B-9D52-2E477434CB03}.Debug|x86.Build.0 = Debug|x86
		{0E4B455B-5C43-469B-9D52-2E477434CB03}.Release|ARM64.ActiveCfg = Release|ARM64
		{0E4B455B-5C43-469B-9D52-2E477434CB03}.Release|ARM64.Build.0 = Release|ARM64
		{0E4B455B-5C43-469B-9D52-2E477434CB03}.Release|x64.ActiveCfg = Release|x64
		{0E4B455B-5C43-469B-9D52-2E477434CB03}.Release|x64.Build.0 = Release|x64
		{0E4B455B-5C43-469B-9D52-2E477434CB03}.Release|x86.ActiveCfg = Release|x86
		{0E4B455B-5C43-469B-9D52-2E477434CB03}.Release|x86.Build.0 = Release|x86
	EndGlobalSection
	GlobalSection(SolutionProperties) = preSolution
		HideSolutionNode = FALSE
	EndGlobalSection
	GlobalSection(NestedProjects) = preSolution
		{EDF9D2D9-0C15-4D95-AAB9-191356ECFA29} = {994EB8B5-6CEF-41B3-8300-2466621C2050}
	EndGlobalSection
	GlobalSection(ExtensibilityGlobals) = postSolution
		SolutionGuid = {BD9BEBE9-36A6-463C-A8DB-218EB89F1802}
	EndGlobalSection
EndGlobal
